
Microsoft Visual Studio Solution File, Format Version 12.00
# Visual Studio Version 16
VisualStudioVersion = 16.0.31515.178
MinimumVisualStudioVersion = 10.0.40219.1
Project("{FAE04EC0-301F-11D3-BF4B-00C04F79EFBC}") = "StringCheckerEvent", "StringCheckerEvent\StringCheckerEvent.csproj", "{92F320CE-E1E1-4A38-A588-4D39506FE853}"
EndProject
Global
	GlobalSection(SolutionConfigurationPlatforms) = preSolution
		Debug|Any CPU = Debug|Any CPU
		Release|Any CPU = Release|Any CPU
	EndGlobalSection
	GlobalSection(ProjectConfigurationPlatforms) = postSolution
		{92F320CE-E1E1-4A38-A588-4D39506FE853}.Debug|Any CPU.ActiveCfg = Debug|Any CPU
		{92F320CE-E1E1-4A38-A588-4D39506FE853}.Debug|Any CPU.Build.0 = Debug|Any CPU
		{92F320CE-E1E1-4A38-A588-4D39506FE853}.Release|Any CPU.ActiveCfg = Release|Any CPU
		{92F320CE-E1E1-4A38-A588-4D39506FE853}.Release|Any CPU.Build.0 = Release|Any CPU
	EndGlobalSection
	GlobalSection(SolutionProperties) = preSolution
		HideSolutionNode = FALSE
	EndGlobalSection
	GlobalSection(ExtensibilityGlobals) = postSolution
		SolutionGuid = {86E9564E-A936-42D1-8BF3-D0C2CFB08B0A}
	EndGlobalSection
EndGlobal
